
Microsoft Visual Studio Solution File, Format Version 12.00
# Visual Studio Version 16
VisualStudioVersion = 16.0.31321.278
MinimumVisualStudioVersion = 10.0.40219.1
Project("{FAE04EC0-301F-11D3-BF4B-00C04F79EFBC}") = "PocLoggingRequestResponse", "PocLoggingRequestResponse\PocLoggingRequestResponse.csproj", "{4F83AE9C-077D-44E5-9BA7-46D979D05C59}"
EndProject
Global
	GlobalSection(SolutionConfigurationPlatforms) = preSolution
		Debug|Any CPU = Debug|Any CPU
		Release|Any CPU = Release|Any CPU
	EndGlobalSection
	GlobalSection(ProjectConfigurationPlatforms) = postSolution
		{4F83AE9C-077D-44E5-9BA7-46D979D05C59}.Debug|Any CPU.ActiveCfg = Debug|Any CPU
		{4F83AE9C-077D-44E5-9BA7-46D979D05C59}.Debug|Any CPU.Build.0 = Debug|Any CPU
		{4F83AE9C-077D-44E5-9BA7-46D979D05C59}.Release|Any CPU.ActiveCfg = Release|Any CPU
		{4F83AE9C-077D-44E5-9BA7-46D979D05C59}.Release|Any CPU.Build.0 = Release|Any CPU
	EndGlobalSection
	GlobalSection(SolutionProperties) = preSolution
		HideSolutionNode = FALSE
	EndGlobalSection
	GlobalSection(ExtensibilityGlobals) = postSolution
		SolutionGuid = {0D34C46C-6B13-4F35-B5C4-9554CB904B52}
	EndGlobalSection
EndGlobal
